// !$*UTF8*$!
{
	archiveVersion = 1;
	classes = {
	};
	objectVersion = 56;
	objects = {

/* Begin PBXBuildFile section */
		1F82F8A62CC9B99F00B40F84 /* CategoryViewController.swift in Sources */ = {isa = PBXBuildFile; fileRef = 1F82F8952CC9B99F00B40F84 /* CategoryViewController.swift */; };
		1F82F8A72CC9B99F00B40F84 /* TodoListViewController.swift in Sources */ = {isa = PBXBuildFile; fileRef = 1F82F8962CC9B99F00B40F84 /* TodoListViewController.swift */; };
		1F82F8A82CC9B99F00B40F84 /* Constants.swift in Sources */ = {isa = PBXBuildFile; fileRef = 1F82F8982CC9B99F00B40F84 /* Constants.swift */; };
		1F82F8A92CC9B99F00B40F84 /* AppDelegate.swift in Sources */ = {isa = PBXBuildFile; fileRef = 1F82F89F2CC9B99F00B40F84 /* AppDelegate.swift */; };
		1F82F8AB2CC9B99F00B40F84 /* SceneDelegate.swift in Sources */ = {isa = PBXBuildFile; fileRef = 1F82F8A32CC9B99F00B40F84 /* SceneDelegate.swift */; };
		1F82F8AC2CC9B99F00B40F84 /* LaunchScreen.storyboard in Resources */ = {isa = PBXBuildFile; fileRef = 1F82F89B2CC9B99F00B40F84 /* LaunchScreen.storyboard */; };
		1F82F8AD2CC9B99F00B40F84 /* Main.storyboard in Resources */ = {isa = PBXBuildFile; fileRef = 1F82F89D2CC9B99F00B40F84 /* Main.storyboard */; };
		1F82F8AE2CC9B99F00B40F84 /* Assets.xcassets in Resources */ = {isa = PBXBuildFile; fileRef = 1F82F8A02CC9B99F00B40F84 /* Assets.xcassets */; };
		1F9221422CCBAD3100110CA4 /* Item.swift in Sources */ = {isa = PBXBuildFile; fileRef = 1F9221412CCBAD2D00110CA4 /* Item.swift */; };
		1F9221442CCBAD3900110CA4 /* Category.swift in Sources */ = {isa = PBXBuildFile; fileRef = 1F9221432CCBAD3600110CA4 /* Category.swift */; };
		B474DA52D0405965D4F2F582 /* Pods_TodoApp.framework in Frameworks */ = {isa = PBXBuildFile; fileRef = 116D001805D1A0F3C9F31D7D /* Pods_TodoApp.framework */; };
/* End PBXBuildFile section */

/* Begin PBXFileReference section */
		116D001805D1A0F3C9F31D7D /* Pods_TodoApp.framework */ = {isa = PBXFileReference; explicitFileType = wrapper.framework; includeInIndex = 0; path = Pods_TodoApp.framework; sourceTree = BUILT_PRODUCTS_DIR; };
		1F82F8952CC9B99F00B40F84 /* CategoryViewController.swift */ = {isa = PBXFileReference; lastKnownFileType = sourcecode.swift; path = CategoryViewController.swift; sourceTree = "<group>"; };
		1F82F8962CC9B99F00B40F84 /* TodoListViewController.swift */ = {isa = PBXFileReference; lastKnownFileType = sourcecode.swift; path = TodoListViewController.swift; sourceTree = "<group>"; };
		1F82F8982CC9B99F00B40F84 /* Constants.swift */ = {isa = PBXFileReference; lastKnownFileType = sourcecode.swift; path = Constants.swift; sourceTree = "<group>"; };
		1F82F89A2CC9B99F00B40F84 /* Base */ = {isa = PBXFileReference; lastKnownFileType = file.storyboard; name = Base; path = Base.lproj/LaunchScreen.storyboard; sourceTree = "<group>"; };
		1F82F89C2CC9B99F00B40F84 /* Base */ = {isa = PBXFileReference; lastKnownFileType = file.storyboard; name = Base; path = Base.lproj/Main.storyboard; sourceTree = "<group>"; };
		1F82F89F2CC9B99F00B40F84 /* AppDelegate.swift */ = {isa = PBXFileReference; lastKnownFileType = sourcecode.swift; path = AppDelegate.swift; sourceTree = "<group>"; };
		1F82F8A02CC9B99F00B40F84 /* Assets.xcassets */ = {isa = PBXFileReference; lastKnownFileType = folder.assetcatalog; path = Assets.xcassets; sourceTree = "<group>"; };
		1F82F8A22CC9B99F00B40F84 /* Info.plist */ = {isa = PBXFileReference; lastKnownFileType = text.plist.xml; path = Info.plist; sourceTree = "<group>"; };
		1F82F8A32CC9B99F00B40F84 /* SceneDelegate.swift */ = {isa = PBXFileReference; lastKnownFileType = sourcecode.swift; path = SceneDelegate.swift; sourceTree = "<group>"; };
		1F9221412CCBAD2D00110CA4 /* Item.swift */ = {isa = PBXFileReference; lastKnownFileType = sourcecode.swift; path = Item.swift; sourceTree = "<group>"; };
		1F9221432CCBAD3600110CA4 /* Category.swift */ = {isa = PBXFileReference; lastKnownFileType = sourcecode.swift; path = Category.swift; sourceTree = "<group>"; };
		1FC3C4F32CBE91BB0002A95B /* TodoApp.app */ = {isa = PBXFileReference; explicitFileType = wrapper.application; includeInIndex = 0; path = TodoApp.app; sourceTree = BUILT_PRODUCTS_DIR; };
		3D399AC4D7F19A7615A4E7A7 /* Pods-TodoApp.release.xcconfig */ = {isa = PBXFileReference; includeInIndex = 1; lastKnownFileType = text.xcconfig; name = "Pods-TodoApp.release.xcconfig"; path = "Target Support Files/Pods-TodoApp/Pods-TodoApp.release.xcconfig"; sourceTree = "<group>"; };
		E2AEB18FB2E5E391481EEC95 /* Pods-TodoApp.debug.xcconfig */ = {isa = PBXFileReference; includeInIndex = 1; lastKnownFileType = text.xcconfig; name = "Pods-TodoApp.debug.xcconfig"; path = "Target Support Files/Pods-TodoApp/Pods-TodoApp.debug.xcconfig"; sourceTree = "<group>"; };
/* End PBXFileReference section */

/* Begin PBXFrameworksBuildPhase section */
		1FC3C4F02CBE91BB0002A95B /* Frameworks */ = {
			isa = PBXFrameworksBuildPhase;
			buildActionMask = 2147483647;
			files = (
				B474DA52D0405965D4F2F582 /* Pods_TodoApp.framework in Frameworks */,
			);
			runOnlyForDeploymentPostprocessing = 0;
		};
/* End PBXFrameworksBuildPhase section */

/* Begin PBXGroup section */
		0E2C95E281AB68588F84EABC /* Pods */ = {
			isa = PBXGroup;
			children = (
				E2AEB18FB2E5E391481EEC95 /* Pods-TodoApp.debug.xcconfig */,
				3D399AC4D7F19A7615A4E7A7 /* Pods-TodoApp.release.xcconfig */,
			);
			path = Pods;
			sourceTree = "<group>";
		};
		126C9AD278C7E945DAF99B15 /* Frameworks */ = {
			isa = PBXGroup;
			children = (
				116D001805D1A0F3C9F31D7D /* Pods_TodoApp.framework */,
			);
			name = Frameworks;
			sourceTree = "<group>";
		};
		1F82F8972CC9B99F00B40F84 /* Controllers */ = {
			isa = PBXGroup;
			children = (
				1F82F8952CC9B99F00B40F84 /* CategoryViewController.swift */,
				1F82F8962CC9B99F00B40F84 /* TodoListViewController.swift */,
			);
			path = Controllers;
			sourceTree = "<group>";
		};
		1F82F8992CC9B99F00B40F84 /* Data Model */ = {
			isa = PBXGroup;
			children = (
				1F9221432CCBAD3600110CA4 /* Category.swift */,
				1F9221412CCBAD2D00110CA4 /* Item.swift */,
				1F82F8982CC9B99F00B40F84 /* Constants.swift */,
			);
			path = "Data Model";
			sourceTree = "<group>";
		};
		1F82F89E2CC9B99F00B40F84 /* View */ = {
			isa = PBXGroup;
			children = (
				1F82F89B2CC9B99F00B40F84 /* LaunchScreen.storyboard */,
				1F82F89D2CC9B99F00B40F84 /* Main.storyboard */,
			);
			path = View;
			sourceTree = "<group>";
		};
		1F82F8A42CC9B99F00B40F84 /* TodoApp */ = {
			isa = PBXGroup;
			children = (
				1F82F89F2CC9B99F00B40F84 /* AppDelegate.swift */,
				1F82F8A32CC9B99F00B40F84 /* SceneDelegate.swift */,
				1F82F8972CC9B99F00B40F84 /* Controllers */,
				1F82F8992CC9B99F00B40F84 /* Data Model */,
				1F82F89E2CC9B99F00B40F84 /* View */,
				1F82F8A02CC9B99F00B40F84 /* Assets.xcassets */,
				1F82F8A22CC9B99F00B40F84 /* Info.plist */,
			);
			path = TodoApp;
			sourceTree = "<group>";
		};
		1FC3C4EA2CBE91BB0002A95B = {
			isa = PBXGroup;
			children = (
				1F82F8A42CC9B99F00B40F84 /* TodoApp */,
				1FC3C4F42CBE91BB0002A95B /* Products */,
				0E2C95E281AB68588F84EABC /* Pods */,
				126C9AD278C7E945DAF99B15 /* Frameworks */,
			);
			sourceTree = "<group>";
		};
		1FC3C4F42CBE91BB0002A95B /* Products */ = {
			isa = PBXGroup;
			children = (
				1FC3C4F32CBE91BB0002A95B /* TodoApp.app */,
			);
			name = Products;
			sourceTree = "<group>";
		};
/* End PBXGroup section */

/* Begin PBXNativeTarget section */
		1FC3C4F22CBE91BB0002A95B /* TodoApp */ = {
			isa = PBXNativeTarget;
			buildConfigurationList = 1FC3C5062CBE91BC0002A95B /* Build configuration list for PBXNativeTarget "TodoApp" */;
			buildPhases = (
				B0BCC95DCB5F1761295005A9 /* [CP] Check Pods Manifest.lock */,
				1FC3C4EF2CBE91BB0002A95B /* Sources */,
				1FC3C4F02CBE91BB0002A95B /* Frameworks */,
				1FC3C4F12CBE91BB0002A95B /* Resources */,
				EEF089326EE9E33A35C1015C /* [CP] Embed Pods Frameworks */,
			);
			buildRules = (
			);
			dependencies = (
			);
			name = TodoApp;
			productName = TodoApp;
			productReference = 1FC3C4F32CBE91BB0002A95B /* TodoApp.app */;
			productType = "com.apple.product-type.application";
		};
/* End PBXNativeTarget section */

/* Begin PBXProject section */
		1FC3C4EB2CBE91BB0002A95B /* Project object */ = {
			isa = PBXProject;
			attributes = {
				BuildIndependentTargetsInParallel = 1;
				LastSwiftUpdateCheck = 1600;
				LastUpgradeCheck = 1600;
				TargetAttributes = {
					1FC3C4F22CBE91BB0002A95B = {
						CreatedOnToolsVersion = 16.0;
					};
				};
			};
			buildConfigurationList = 1FC3C4EE2CBE91BB0002A95B /* Build configuration list for PBXProject "TodoApp" */;
			compatibilityVersion = "Xcode 14.0";
			developmentRegion = en;
			hasScannedForEncodings = 0;
			knownRegions = (
				en,
				Base,
			);
			mainGroup = 1FC3C4EA2CBE91BB0002A95B;
			productRefGroup = 1FC3C4F42CBE91BB0002A95B /* Products */;
			projectDirPath = "";
			projectRoot = "";
			targets = (
				1FC3C4F22CBE91BB0002A95B /* TodoApp */,
			);
		};
/* End PBXProject section */

/* Begin PBXResourcesBuildPhase section */
		1FC3C4F12CBE91BB0002A95B /* Resources */ = {
			isa = PBXResourcesBuildPhase;
			buildActionMask = 2147483647;
			files = (
				1F82F8AC2CC9B99F00B40F84 /* LaunchScreen.storyboard in Resources */,
				1F82F8AD2CC9B99F00B40F84 /* Main.storyboard in Resources */,
				1F82F8AE2CC9B99F00B40F84 /* Assets.xcassets in Resources */,
			);
			runOnlyForDeploymentPostprocessing = 0;
		};
/* End PBXResourcesBuildPhase section */

/* Begin PBXShellScriptBuildPhase section */
		B0BCC95DCB5F1761295005A9 /* [CP] Check Pods Manifest.lock */ = {
			isa = PBXShellScriptBuildPhase;
			buildActionMask = 2147483647;
			files = (
			);
			inputFileListPaths = (
			);
			inputPaths = (
				"${PODS_PODFILE_DIR_PATH}/Podfile.lock",
				"${PODS_ROOT}/Manifest.lock",
			);
			name = "[CP] Check Pods Manifest.lock";
			outputFileListPaths = (
			);
			outputPaths = (
				"$(DERIVED_FILE_DIR)/Pods-TodoApp-checkManifestLockResult.txt",
			);
			runOnlyForDeploymentPostprocessing = 0;
			shellPath = /bin/sh;
			shellScript = "diff \"${PODS_PODFILE_DIR_PATH}/Podfile.lock\" \"${PODS_ROOT}/Manifest.lock\" > /dev/null\nif [ $? != 0 ] ; then\n    # print error to STDERR\n    echo \"error: The sandbox is not in sync with the Podfile.lock. Run 'pod install' or update your CocoaPods installation.\" >&2\n    exit 1\nfi\n# This output is used by Xcode 'outputs' to avoid re-running this script phase.\necho \"SUCCESS\" > \"${SCRIPT_OUTPUT_FILE_0}\"\n";
			showEnvVarsInLog = 0;
		};
		EEF089326EE9E33A35C1015C /* [CP] Embed Pods Frameworks */ = {
			isa = PBXShellScriptBuildPhase;
			buildActionMask = 2147483647;
			files = (
			);
			inputFileListPaths = (
				"${PODS_ROOT}/Target Support Files/Pods-TodoApp/Pods-TodoApp-frameworks-${CONFIGURATION}-input-files.xcfilelist",
			);
			name = "[CP] Embed Pods Frameworks";
			outputFileListPaths = (
				"${PODS_ROOT}/Target Support Files/Pods-TodoApp/Pods-TodoApp-frameworks-${CONFIGURATION}-output-files.xcfilelist",
			);
			runOnlyForDeploymentPostprocessing = 0;
			shellPath = /bin/sh;
			shellScript = "\"${PODS_ROOT}/Target Support Files/Pods-TodoApp/Pods-TodoApp-frameworks.sh\"\n";
			showEnvVarsInLog = 0;
		};
/* End PBXShellScriptBuildPhase section */

/* Begin PBXSourcesBuildPhase section */
		1FC3C4EF2CBE91BB0002A95B /* Sources */ = {
			isa = PBXSourcesBuildPhase;
			buildActionMask = 2147483647;
			files = (
				1F82F8A62CC9B99F00B40F84 /* CategoryViewController.swift in Sources */,
				1F82F8A72CC9B99F00B40F84 /* TodoListViewController.swift in Sources */,
				1F82F8A82CC9B99F00B40F84 /* Constants.swift in Sources */,
				1F82F8A92CC9B99F00B40F84 /* AppDelegate.swift in Sources */,
				1F9221422CCBAD3100110CA4 /* Item.swift in Sources */,
				1F82F8AB2CC9B99F00B40F84 /* SceneDelegate.swift in Sources */,
				1F9221442CCBAD3900110CA4 /* Category.swift in Sources */,
			);
			runOnlyForDeploymentPostprocessing = 0;
		};
/* End PBXSourcesBuildPhase section */

/* Begin PBXVariantGroup section */
		1F82F89B2CC9B99F00B40F84 /* LaunchScreen.storyboard */ = {
			isa = PBXVariantGroup;
			children = (
				1F82F89A2CC9B99F00B40F84 /* Base */,
			);
			name = LaunchScreen.storyboard;
			sourceTree = "<group>";
		};
		1F82F89D2CC9B99F00B40F84 /* Main.storyboard */ = {
			isa = PBXVariantGroup;
			children = (
				1F82F89C2CC9B99F00B40F84 /* Base */,
			);
			name = Main.storyboard;
			sourceTree = "<group>";
		};
/* End PBXVariantGroup section */

/* Begin XCBuildConfiguration section */
		1FC3C5072CBE91BC0002A95B /* Debug */ = {
			isa = XCBuildConfiguration;
			baseConfigurationReference = E2AEB18FB2E5E391481EEC95 /* Pods-TodoApp.debug.xcconfig */;
			buildSettings = {
				ASSETCATALOG_COMPILER_APPICON_NAME = AppIcon;
				ASSETCATALOG_COMPILER_GLOBAL_ACCENT_COLOR_NAME = AccentColor;
				CODE_SIGN_STYLE = Automatic;
				CURRENT_PROJECT_VERSION = 1;
				GENERATE_INFOPLIST_FILE = YES;
				INFOPLIST_FILE = TodoApp/Info.plist;
				INFOPLIST_KEY_UIApplicationSupportsIndirectInputEvents = YES;
				INFOPLIST_KEY_UILaunchStoryboardName = LaunchScreen;
				INFOPLIST_KEY_UIMainStoryboardFile = Main;
				INFOPLIST_KEY_UISupportedInterfaceOrientations_iPad = "UIInterfaceOrientationPortrait UIInterfaceOrientationPortraitUpsideDown UIInterfaceOrientationLandscapeLeft UIInterfaceOrientationLandscapeRight";
				INFOPLIST_KEY_UISupportedInterfaceOrientations_iPhone = "UIInterfaceOrientationPortrait UIInterfaceOrientationLandscapeLeft UIInterfaceOrientationLandscapeRight";
				IPHONEOS_DEPLOYMENT_TARGET = 18.0;
				LD_RUNPATH_SEARCH_PATHS = (
					"$(inherited)",
					"@executable_path/Frameworks",
				);
				MARKETING_VERSION = 1.0;
				PRODUCT_BUNDLE_IDENTIFIER = burakKostekli.TodoApp;
				PRODUCT_NAME = "$(TARGET_NAME)";
				SWIFT_EMIT_LOC_STRINGS = YES;
				SWIFT_VERSION = 5.0;
				TARGETED_DEVICE_FAMILY = "1,2";
			};
			name = Debug;
		};
		1FC3C5082CBE91BC0002A95B /* Release */ = {
			isa = XCBuildConfiguration;
			baseConfigurationReference = 3D399AC4D7F19A7615A4E7A7 /* Pods-TodoApp.release.xcconfig */;
			buildSettings = {
				ASSETCATALOG_COMPILER_APPICON_NAME = AppIcon;
				ASSETCATALOG_COMPILER_GLOBAL_ACCENT_COLOR_NAME = AccentColor;
				CODE_SIGN_STYLE = Automatic;
				CURRENT_PROJECT_VERSION = 1;
				GENERATE_INFOPLIST_FILE = YES;
				INFOPLIST_FILE = TodoApp/Info.plist;
				INFOPLIST_KEY_UIApplicationSupportsIndirectInputEvents = YES;
				INFOPLIST_KEY_UILaunchStoryboardName = LaunchScreen;
				INFOPLIST_KEY_UIMainStoryboardFile = Main;
				INFOPLIST_KEY_UISupportedInterfaceOrientations_iPad = "UIInterfaceOrientationPortrait UIInterfaceOrientationPortraitUpsideDown UIInterfaceOrientationLandscapeLeft UIInterfaceOrientationLandscapeRight";
				INFOPLIST_KEY_UISupportedInterfaceOrientations_iPhone = "UIInterfaceOrientationPortrait UIInterfaceOrientationLandscapeLeft UIInterfaceOrientationLandscapeRight";
				IPHONEOS_DEPLOYMENT_TARGET = 18.0;
				LD_RUNPATH_SEARCH_PATHS = (
					"$(inherited)",
					"@executable_path/Frameworks",
				);
				MARKETING_VERSION = 1.0;
				PRODUCT_BUNDLE_IDENTIFIER = burakKostekli.TodoApp;
				PRODUCT_NAME = "$(TARGET_NAME)";
				SWIFT_EMIT_LOC_STRINGS = YES;
				SWIFT_VERSION = 5.0;
				TARGETED_DEVICE_FAMILY = "1,2";
			};
			name = Release;
		};
		1FC3C5092CBE91BC0002A95B /* Debug */ = {
			isa = XCBuildConfiguration;
			buildSettings = {
				ALWAYS_SEARCH_USER_PATHS = NO;
				ASSETCATALOG_COMPILER_GENERATE_SWIFT_ASSET_SYMBOL_EXTENSIONS = YES;
				CLANG_ANALYZER_NONNULL = YES;
				CLANG_ANALYZER_NUMBER_OBJECT_CONVERSION = YES_AGGRESSIVE;
				CLANG_CXX_LANGUAGE_STANDARD = "gnu++20";
				CLANG_ENABLE_MODULES = YES;
				CLANG_ENABLE_OBJC_ARC = YES;
				CLANG_ENABLE_OBJC_WEAK = YES;
				CLANG_WARN_BLOCK_CAPTURE_AUTORELEASING = YES;
				CLANG_WARN_BOOL_CONVERSION = YES;
				CLANG_WARN_COMMA = YES;
				CLANG_WARN_CONSTANT_CONVERSION = YES;
				CLANG_WARN_DEPRECATED_OBJC_IMPLEMENTATIONS = YES;
				CLANG_WARN_DIRECT_OBJC_ISA_USAGE = YES_ERROR;
				CLANG_WARN_DOCUMENTATION_COMMENTS = YES;
				CLANG_WARN_EMPTY_BODY = YES;
				CLANG_WARN_ENUM_CONVERSION = YES;
				CLANG_WARN_INFINITE_RECURSION = YES;
				CLANG_WARN_INT_CONVERSION = YES;
				CLANG_WARN_NON_LITERAL_NULL_CONVERSION = YES;
				CLANG_WARN_OBJC_IMPLICIT_RETAIN_SELF = YES;
				CLANG_WARN_OBJC_LITERAL_CONVERSION = YES;
				CLANG_WARN_OBJC_ROOT_CLASS = YES_ERROR;
				CLANG_WARN_QUOTED_INCLUDE_IN_FRAMEWORK_HEADER = YES;
				CLANG_WARN_RANGE_LOOP_ANALYSIS = YES;
				CLANG_WARN_STRICT_PROTOTYPES = YES;
				CLANG_WARN_SUSPICIOUS_MOVE = YES;
				CLANG_WARN_UNGUARDED_AVAILABILITY = YES_AGGRESSIVE;
				CLANG_WARN_UNREACHABLE_CODE = YES;
				CLANG_WARN__DUPLICATE_METHOD_MATCH = YES;
				COPY_PHASE_STRIP = NO;
				DEBUG_INFORMATION_FORMAT = dwarf;
				ENABLE_STRICT_OBJC_MSGSEND = YES;
				ENABLE_TESTABILITY = YES;
				ENABLE_USER_SCRIPT_SANDBOXING = NO;
				GCC_C_LANGUAGE_STANDARD = gnu17;
				GCC_DYNAMIC_NO_PIC = NO;
				GCC_NO_COMMON_BLOCKS = YES;
				GCC_OPTIMIZATION_LEVEL = 0;
				GCC_PREPROCESSOR_DEFINITIONS = (
					"DEBUG=1",
					"$(inherited)",
				);
				GCC_WARN_64_TO_32_BIT_CONVERSION = YES;
				GCC_WARN_ABOUT_RETURN_TYPE = YES_ERROR;
				GCC_WARN_UNDECLARED_SELECTOR = YES;
				GCC_WARN_UNINITIALIZED_AUTOS = YES_AGGRESSIVE;
				GCC_WARN_UNUSED_FUNCTION = YES;
				GCC_WARN_UNUSED_VARIABLE = YES;
				IPHONEOS_DEPLOYMENT_TARGET = 18.0;
				LOCALIZATION_PREFERS_STRING_CATALOGS = YES;
				MTL_ENABLE_DEBUG_INFO = INCLUDE_SOURCE;
				MTL_FAST_MATH = YES;
				ONLY_ACTIVE_ARCH = YES;
				SDKROOT = iphoneos;
				SWIFT_ACTIVE_COMPILATION_CONDITIONS = "DEBUG $(inherited)";
				SWIFT_OPTIMIZATION_LEVEL = "-Onone";
			};
			name = Debug;
		};
		1FC3C50A2CBE91BC0002A95B /* Release */ = {
			isa = XCBuildConfiguration;
			buildSettings = {
				ALWAYS_SEARCH_USER_PATHS = NO;
				ASSETCATALOG_COMPILER_GENERATE_SWIFT_ASSET_SYMBOL_EXTENSIONS = YES;
				CLANG_ANALYZER_NONNULL = YES;
				CLANG_ANALYZER_NUMBER_OBJECT_CONVERSION = YES_AGGRESSIVE;
				CLANG_CXX_LANGUAGE_STANDARD = "gnu++20";
				CLANG_ENABLE_MODULES = YES;
				CLANG_ENABLE_OBJC_ARC = YES;
				CLANG_ENABLE_OBJC_WEAK = YES;
				CLANG_WARN_BLOCK_CAPTURE_AUTORELEASING = YES;
				CLANG_WARN_BOOL_CONVERSION = YES;
				CLANG_WARN_COMMA = YES;
				CLANG_WARN_CONSTANT_CONVERSION = YES;
				CLANG_WARN_DEPRECATED_OBJC_IMPLEMENTATIONS = YES;
				CLANG_WARN_DIRECT_OBJC_ISA_USAGE = YES_ERROR;
				CLANG_WARN_DOCUMENTATION_COMMENTS = YES;
				CLANG_WARN_EMPTY_BODY = YES;
				CLANG_WARN_ENUM_CONVERSION = YES;
				CLANG_WARN_INFINITE_RECURSION = YES;
				CLANG_WARN_INT_CONVERSION = YES;
				CLANG_WARN_NON_LITERAL_NULL_CONVERSION = YES;
				CLANG_WARN_OBJC_IMPLICIT_RETAIN_SELF = YES;
				CLANG_WARN_OBJC_LITERAL_CONVERSION = YES;
				CLANG_WARN_OBJC_ROOT_CLASS = YES_ERROR;
				CLANG_WARN_QUOTED_INCLUDE_IN_FRAMEWORK_HEADER = YES;
				CLANG_WARN_RANGE_LOOP_ANALYSIS = YES;
				CLANG_WARN_STRICT_PROTOTYPES = YES;
				CLANG_WARN_SUSPICIOUS_MOVE = YES;
				CLANG_WARN_UNGUARDED_AVAILABILITY = YES_AGGRESSIVE;
				CLANG_WARN_UNREACHABLE_CODE = YES;
				CLANG_WARN__DUPLICATE_METHOD_MATCH = YES;
				COPY_PHASE_STRIP = NO;
				DEBUG_INFORMATION_FORMAT = "dwarf-with-dsym";
				ENABLE_NS_ASSERTIONS = NO;
				ENABLE_STRICT_OBJC_MSGSEND = YES;
				ENABLE_USER_SCRIPT_SANDBOXING = NO;
				GCC_C_LANGUAGE_STANDARD = gnu17;
				GCC_NO_COMMON_BLOCKS = YES;
				GCC_WARN_64_TO_32_BIT_CONVERSION = YES;
				GCC_WARN_ABOUT_RETURN_TYPE = YES_ERROR;
				GCC_WARN_UNDECLARED_SELECTOR = YES;
				GCC_WARN_UNINITIALIZED_AUTOS = YES_AGGRESSIVE;
				GCC_WARN_UNUSED_FUNCTION = YES;
				GCC_WARN_UNUSED_VARIABLE = YES;
				IPHONEOS_DEPLOYMENT_TARGET = 18.0;
				LOCALIZATION_PREFERS_STRING_CATALOGS = YES;
				MTL_ENABLE_DEBUG_INFO = NO;
				MTL_FAST_MATH = YES;
				SDKROOT = iphoneos;
				SWIFT_COMPILATION_MODE = wholemodule;
				VALIDATE_PRODUCT = YES;
			};
			name = Release;
		};
/* End XCBuildConfiguration section */

/* Begin XCConfigurationList section */
		1FC3C4EE2CBE91BB0002A95B /* Build configuration list for PBXProject "TodoApp" */ = {
			isa = XCConfigurationList;
			buildConfigurations = (
				1FC3C5092CBE91BC0002A95B /* Debug */,
				1FC3C50A2CBE91BC0002A95B /* Release */,
			);
			defaultConfigurationIsVisible = 0;
			defaultConfigurationName = Release;
		};
		1FC3C5062CBE91BC0002A95B /* Build configuration list for PBXNativeTarget "TodoApp" */ = {
			isa = XCConfigurationList;
			buildConfigurations = (
				1FC3C5072CBE91BC0002A95B /* Debug */,
				1FC3C5082CBE91BC0002A95B /* Release */,
			);
			defaultConfigurationIsVisible = 0;
			defaultConfigurationName = Release;
		};
/* End XCConfigurationList section */
	};
	rootObject = 1FC3C4EB2CBE91BB0002A95B /* Project object */;
}
